
Microsoft Visual Studio Solution File, Format Version 12.00
# Visual Studio Version 16
VisualStudioVersion = 16.0.31005.135
MinimumVisualStudioVersion = 10.0.40219.1
Project("{FAE04EC0-301F-11D3-BF4B-00C04F79EFBC}") = "TimeOrganiser", "TimeOrganiser.csproj", "{BE94C825-76B7-4E85-99C9-37B8B86E0487}"
EndProject
Global
	GlobalSection(SolutionConfigurationPlatforms) = preSolution
		Debug|Any CPU = Debug|Any CPU
		Release|Any CPU = Release|Any CPU
	EndGlobalSection
	GlobalSection(ProjectConfigurationPlatforms) = postSolution
		{BE94C825-76B7-4E85-99C9-37B8B86E0487}.Debug|Any CPU.ActiveCfg = Debug|Any CPU
		{BE94C825-76B7-4E85-99C9-37B8B86E0487}.Debug|Any CPU.Build.0 = Debug|Any CPU
		{BE94C825-76B7-4E85-99C9-37B8B86E0487}.Release|Any CPU.ActiveCfg = Release|Any CPU
		{BE94C825-76B7-4E85-99C9-37B8B86E0487}.Release|Any CPU.Build.0 = Release|Any CPU
	EndGlobalSection
	GlobalSection(SolutionProperties) = preSolution
		HideSolutionNode = FALSE
	EndGlobalSection
	GlobalSection(ExtensibilityGlobals) = postSolution
		SolutionGuid = {6ECB1FB1-920B-4475-BCA4-828062DA30AA}
	EndGlobalSection
EndGlobal
